{
  "projects": [
    {
      "projectId": "9UibdRruyX43DxnB8Q1QXF",
      "version": "0.7.0",
      "dependencies": {},
      "lang": "ts",
      "fileLocks": [
        {
          "assetId": "9UibdRruyX43DxnB8Q1QXF",
          "checksum": "58d030779e1ed4e71b853cd4789790ad",
          "type": "projectModule"
        },
        {
          "assetId": "9UibdRruyX43DxnB8Q1QXF",
          "checksum": "7cc55ccce3da13fe117364c347041fd3",
          "type": "styleTokensProvider"
        },
        {
          "assetId": "9UibdRruyX43DxnB8Q1QXF",
          "type": "projectCss",
          "checksum": "56a5d447501c0753e4cf451641894e78"
        }
      ],
      "codegenVersion": "0.0.2"
    },
    {
      "projectId": "8PtdGodUbexNYgkuyBUcWu",
      "version": "3.33.0",
      "dependencies": {},
      "lang": "ts",
      "fileLocks": [
        {
          "assetId": "8PtdGodUbexNYgkuyBUcWu",
          "checksum": "c34deae3be4116372b8f09a576ea3a01",
          "type": "globalContexts"
        },
        {
          "assetId": "8PtdGodUbexNYgkuyBUcWu",
          "checksum": "23e35f9a7b22b3e265a5e7ef8ec77a00",
          "type": "projectModule"
        },
        {
          "assetId": "8PtdGodUbexNYgkuyBUcWu",
          "checksum": "e3a9e005a65ce098f4654b561c427772",
          "type": "styleTokensProvider"
        },
        {
          "assetId": "8PtdGodUbexNYgkuyBUcWu",
          "type": "projectCss",
          "checksum": "d0036c38cf1abb3618c71ab68a296b2b"
        }
      ],
      "codegenVersion": "0.0.2"
    },
    {
      "projectId": "caTPwKxj5ZrD9LQ7DMdK4Z",
      "version": "3.47.0",
      "dependencies": {},
      "lang": "ts",
      "fileLocks": [
        {
          "assetId": "caTPwKxj5ZrD9LQ7DMdK4Z",
          "checksum": "efdcd613ac98718578f9c563cd75fd38",
          "type": "projectModule"
        },
        {
          "assetId": "caTPwKxj5ZrD9LQ7DMdK4Z",
          "checksum": "da63876a1ab2ffe408f66af115d28c46",
          "type": "styleTokensProvider"
        },
        {
          "assetId": "caTPwKxj5ZrD9LQ7DMdK4Z",
          "type": "projectCss",
          "checksum": "56a5d447501c0753e4cf451641894e78"
        }
      ],
      "codegenVersion": "0.0.2"
    },
    {
      "projectId": "oBJtsp5RgVpcN6KCrDTuQT",
      "version": "1.4.1",
      "dependencies": {},
      "lang": "ts",
      "fileLocks": [
        {
          "type": "globalVariant",
          "assetId": "BR2UhI7ulpvR",
          "checksum": "97e2876490bc355d078829b7dae64a0e"
        },
        {
          "type": "icon",
          "assetId": "rDjUqSUK3eUM",
          "checksum": "dc694b0d96500d968b028761de044bfb"
        },
        {
          "type": "icon",
          "assetId": "r9Upp9NbiZkf",
          "checksum": "388abe0d0974b9435dbc07e7c61ce890"
        },
        {
          "type": "icon",
          "assetId": "GHdF3hS-oP_3",
          "checksum": "d1129e1d27546b4a318339a15d36e0d4"
        },
        {
          "type": "icon",
          "assetId": "YXreB8gS3SjV",
          "checksum": "ca2631bf2709ffbede9d58e334b189c2"
        },
        {
          "type": "icon",
          "assetId": "aC_QFogxt1Ko",
          "checksum": "40826931fc07f5187ffde35ef60967ac"
        },
        {
          "type": "icon",
          "assetId": "GRY2zHJ6uxOn",
          "checksum": "2c083501909d59cfe0ea7cb7996fd28f"
        },
        {
          "type": "icon",
          "assetId": "jHvDymIOvRnf",
          "checksum": "84d13f836314ba0ae512b9de48d93ed8"
        },
        {
          "type": "icon",
          "assetId": "9zdEG9CdGbdC",
          "checksum": "1f171a0800233f1442e7d2bccf80579f"
        },
        {
          "type": "icon",
          "assetId": "7Dhq6fgU-utK",
          "checksum": "003bc64498c90a5ed36c936068dc4683"
        },
        {
          "type": "icon",
          "assetId": "J8ozh55UiWsA",
          "checksum": "19a0a611bce8a3d484988dddeb495d93"
        },
        {
          "type": "icon",
          "assetId": "rW7v27ONOoUe",
          "checksum": "476c4be86c53c8d47ebd015f1f233531"
        },
        {
          "type": "icon",
          "assetId": "4D7uZNf6OjbV",
          "checksum": "94ac616e9797414d3046614537d876cf"
        },
        {
          "type": "icon",
          "assetId": "e2zWN9c_lxv7",
          "checksum": "591ebad6685d5cc4223ef54e27e1bf20"
        },
        {
          "type": "icon",
          "assetId": "WTtCf_1I-uMv",
          "checksum": "881576dd6a5158925fb577365f5f4301"
        },
        {
          "type": "icon",
          "assetId": "eZfYsLpdWQA_",
          "checksum": "7440dc6e52053f9c038bd9ab1b6c1cbc"
        },
        {
          "type": "icon",
          "assetId": "NSxX1Iy4jDVL",
          "checksum": "1870bb10d69e41e51b2c4984bb220cb6"
        },
        {
          "type": "icon",
          "assetId": "dmfb3Ga2IoVt",
          "checksum": "599824abe1db0900e0d9d3f6bca69e5e"
        },
        {
          "type": "icon",
          "assetId": "BamIPHX72k5k",
          "checksum": "ae62abe807cf03508778b8b81a1dfa45"
        },
        {
          "type": "icon",
          "assetId": "zb1oqVXdrxPK",
          "checksum": "09f0104eff9c3b860c3bb51327a85a50"
        },
        {
          "type": "icon",
          "assetId": "oob3UzcKBsd_",
          "checksum": "0faac4bbfe9ecf64e494d37a142bd0c3"
        },
        {
          "type": "icon",
          "assetId": "qxWwW7vbw7na",
          "checksum": "f8591da4e1feb7d84363e9c5423f223e"
        },
        {
          "type": "icon",
          "assetId": "vu4uxcIH4gVk",
          "checksum": "a7b07b5c256d64d85dd8f30c503e4dfa"
        },
        {
          "type": "icon",
          "assetId": "0Ejs1gKiFp1s",
          "checksum": "64dff2de85197c4126670ebfcef257d0"
        },
        {
          "type": "image",
          "assetId": "ijbf5URccsnE",
          "checksum": "871858b983feb6fdf32268fce7608bc6"
        },
        {
          "assetId": "oBJtsp5RgVpcN6KCrDTuQT",
          "type": "projectCss",
          "checksum": "8c0f8fcb42975987402641e058fc370a"
        },
        {
          "assetId": "oBJtsp5RgVpcN6KCrDTuQT",
          "checksum": "6c9fbc9f2ec4a1ceaaefb44712f79cc3",
          "type": "projectModule"
        },
        {
          "assetId": "oBJtsp5RgVpcN6KCrDTuQT",
          "checksum": "98bbcae1659bde715f1d37a652b03e5d",
          "type": "styleTokensProvider"
        }
      ],
      "codegenVersion": "0.0.2"
    },
    {
      "projectId": "sqPBLwEBBKHA2WDuGb17eV",
      "version": "2.10.0",
      "dependencies": {},
      "lang": "ts",
      "fileLocks": [
        {
          "type": "renderModule",
          "assetId": "5nirPCGmCnRD",
          "checksum": "25f067246c917b7b0ae15609a16f452c"
        },
        {
          "type": "cssRules",
          "assetId": "5nirPCGmCnRD",
          "checksum": "25f067246c917b7b0ae15609a16f452c"
        },
        {
          "type": "icon",
          "assetId": "Wyt3GMMsLefj",
          "checksum": "deaf3f5a9deac5496bb1f95e8d12632e"
        },
        {
          "type": "icon",
          "assetId": "MbDRsJU0e3bw",
          "checksum": "9d51d53684707877b3fd221333160d5b"
        },
        {
          "assetId": "sqPBLwEBBKHA2WDuGb17eV",
          "checksum": "9336f76952c0d97c64ae4e3da40cf418",
          "type": "projectModule"
        },
        {
          "assetId": "sqPBLwEBBKHA2WDuGb17eV",
          "checksum": "8b17695fdccfbd83cff822e5716342aa",
          "type": "styleTokensProvider"
        },
        {
          "assetId": "sqPBLwEBBKHA2WDuGb17eV",
          "type": "projectCss",
          "checksum": "56a5d447501c0753e4cf451641894e78"
        }
      ],
      "codegenVersion": "0.0.2"
    },
    {
      "projectId": "95cydKu4zdmeK3V4rXXSKZ",
      "version": "0.7.0",
      "dependencies": {},
      "lang": "ts",
      "fileLocks": [
        {
          "assetId": "95cydKu4zdmeK3V4rXXSKZ",
          "checksum": "562b4e0b8a10a24ece42dd221f93fe12",
          "type": "projectModule"
        },
        {
          "assetId": "95cydKu4zdmeK3V4rXXSKZ",
          "checksum": "f719aa8df4d90f1bfc4e2c2a96ff5fce",
          "type": "styleTokensProvider"
        },
        {
          "assetId": "95cydKu4zdmeK3V4rXXSKZ",
          "type": "projectCss",
          "checksum": "56a5d447501c0753e4cf451641894e78"
        }
      ],
      "codegenVersion": "0.0.2"
    },
    {
      "projectId": "ohDidvG9XsCeFumugENU3J",
      "version": "6.35.0",
      "dependencies": {},
      "lang": "ts",
      "fileLocks": [
        {
          "assetId": "ohDidvG9XsCeFumugENU3J",
          "checksum": "f35a7050af9ad27b5adac4d101d88037",
          "type": "globalContexts"
        },
        {
          "assetId": "ohDidvG9XsCeFumugENU3J",
          "checksum": "c425737058d1ac29382a23e54666cb69",
          "type": "projectModule"
        },
        {
          "assetId": "ohDidvG9XsCeFumugENU3J",
          "checksum": "39f2bd024eac89b20b4a8ed8ef628efd",
          "type": "styleTokensProvider"
        },
        {
          "assetId": "ohDidvG9XsCeFumugENU3J",
          "type": "projectCss",
          "checksum": "c33cca495b4f537180cbc434c3f872b9"
        }
      ],
      "codegenVersion": "0.0.2"
    },
    {
      "projectId": "kS7YGZfVr6mU43XDQjXELc",
      "version": "0.24.0",
      "dependencies": {},
      "lang": "ts",
      "fileLocks": [
        {
          "assetId": "kS7YGZfVr6mU43XDQjXELc",
          "checksum": "29aedc69d21f4efbbdc5047eb2da9f98",
          "type": "projectModule"
        },
        {
          "assetId": "kS7YGZfVr6mU43XDQjXELc",
          "checksum": "40443e9ee5b8e6caf628fa486e6d30b6",
          "type": "styleTokensProvider"
        },
        {
          "assetId": "kS7YGZfVr6mU43XDQjXELc",
          "type": "projectCss",
          "checksum": "56a5d447501c0753e4cf451641894e78"
        }
      ],
      "codegenVersion": "0.0.2"
    },
    {
      "projectId": "YUiM7yqBWAqsh8KSnrdj7",
      "version": "0.39.0",
      "dependencies": {},
      "lang": "ts",
      "fileLocks": [
        {
          "assetId": "YUiM7yqBWAqsh8KSnrdj7",
          "checksum": "7c3f9f2189eb5f1bfd2d5e9568f4495a",
          "type": "projectModule"
        },
        {
          "assetId": "YUiM7yqBWAqsh8KSnrdj7",
          "checksum": "0f6f79d4f5e07d247ce511ae9a8f00df",
          "type": "styleTokensProvider"
        },
        {
          "assetId": "YUiM7yqBWAqsh8KSnrdj7",
          "type": "projectCss",
          "checksum": "ebb8c104b63b9cc3f20a89d589bd5728"
        }
      ],
      "codegenVersion": "0.0.2"
    },
    {
      "projectId": "h9Dbk9ygddw7UVEq1NNhKi",
      "version": "8.1.0",
      "dependencies": {
        "sqPBLwEBBKHA2WDuGb17eV": "2.9.0",
        "oBJtsp5RgVpcN6KCrDTuQT": "1.4.1",
        "caTPwKxj5ZrD9LQ7DMdK4Z": "3.45.0",
        "8PtdGodUbexNYgkuyBUcWu": "3.32.0",
        "9UibdRruyX43DxnB8Q1QXF": "0.6.0"
      },
      "lang": "ts",
      "fileLocks": [
        {
          "type": "globalVariant",
          "assetId": "QmLtHiTXdNxv",
          "checksum": "41169a50389ce88f4c092c4e061cb475"
        },
        {
          "assetId": "h9Dbk9ygddw7UVEq1NNhKi",
          "checksum": "6b53c22c6c8b1bdc6fbf001af99b561e",
          "type": "globalContexts"
        },
        {
          "type": "renderModule",
          "assetId": "3i84rYjQRrs4",
          "checksum": "d57dabd73ef3d4708ffce907b4d7a4d2"
        },
        {
          "type": "cssRules",
          "assetId": "3i84rYjQRrs4",
          "checksum": "d57dabd73ef3d4708ffce907b4d7a4d2"
        },
        {
          "type": "renderModule",
          "assetId": "oVzoHzMf1TLl",
          "checksum": "224566e1ad71e69379633564d340fa33"
        },
        {
          "type": "cssRules",
          "assetId": "oVzoHzMf1TLl",
          "checksum": "224566e1ad71e69379633564d340fa33"
        },
        {
          "type": "renderModule",
          "assetId": "FJiI2-N1is_F",
          "checksum": "a882e74606179d9ebad35de65c9dceb7"
        },
        {
          "type": "cssRules",
          "assetId": "FJiI2-N1is_F",
          "checksum": "a882e74606179d9ebad35de65c9dceb7"
        },
        {
          "type": "renderModule",
          "assetId": "1bFBcAoH0lNN",
          "checksum": "dcf8e44a82edaa7555b59967fa277bd5"
        },
        {
          "type": "cssRules",
          "assetId": "1bFBcAoH0lNN",
          "checksum": "dcf8e44a82edaa7555b59967fa277bd5"
        },
        {
          "type": "renderModule",
          "assetId": "fa_t7ELXcm5k",
          "checksum": "b6b20b15a518fc8e099c5ba044626ba1"
        },
        {
          "type": "cssRules",
          "assetId": "fa_t7ELXcm5k",
          "checksum": "b6b20b15a518fc8e099c5ba044626ba1"
        },
        {
          "type": "renderModule",
          "assetId": "CZBpNouNw7Ui",
          "checksum": "c740ead24a06ef138af49bedaf9fbef5"
        },
        {
          "type": "cssRules",
          "assetId": "CZBpNouNw7Ui",
          "checksum": "c740ead24a06ef138af49bedaf9fbef5"
        },
        {
          "type": "renderModule",
          "assetId": "kYXN54tCkD2S",
          "checksum": "08d2a335c9cc0a30746dc5b3349eeda6"
        },
        {
          "type": "cssRules",
          "assetId": "kYXN54tCkD2S",
          "checksum": "08d2a335c9cc0a30746dc5b3349eeda6"
        },
        {
          "type": "icon",
          "assetId": "eCsLCdWP9DST",
          "checksum": "f56f1a2bdf973513b0ac3844b0ea9df4"
        },
        {
          "type": "icon",
          "assetId": "xYtO5aWYRBvW",
          "checksum": "a00dcd2a6b86467d6dc865ec21119d7f"
        },
        {
          "type": "icon",
          "assetId": "RqwNL88PjcHS",
          "checksum": "5404c4d8e38c1036ad0ec8dc654dbc85"
        },
        {
          "type": "icon",
          "assetId": "_Qaeb-4Y8N07",
          "checksum": "60099d3d9950e34fb5491892f02062f9"
        },
        {
          "assetId": "h9Dbk9ygddw7UVEq1NNhKi",
          "type": "projectCss",
          "checksum": "cfa600c6d5e26fc538e0e79d97e634ff"
        },
        {
          "assetId": "h9Dbk9ygddw7UVEq1NNhKi",
          "checksum": "e58d5aa0172aa907f806af258d9d71f8",
          "type": "projectModule"
        },
        {
          "assetId": "h9Dbk9ygddw7UVEq1NNhKi",
          "checksum": "5c0e5fc817ae62fdde8727d7698635d1",
          "type": "styleTokensProvider"
        }
      ],
      "codegenVersion": "0.0.2"
    },
    {
      "projectId": "aU6fPsMDSmKqgHWpAbdgs",
      "version": "latest",
      "dependencies": {
        "h9Dbk9ygddw7UVEq1NNhKi": "8.1.0",
        "oBJtsp5RgVpcN6KCrDTuQT": "1.4.1",
        "sqPBLwEBBKHA2WDuGb17eV": "2.10.0",
        "caTPwKxj5ZrD9LQ7DMdK4Z": "3.47.0",
        "YUiM7yqBWAqsh8KSnrdj7": "0.39.0",
        "kS7YGZfVr6mU43XDQjXELc": "0.24.0",
        "ohDidvG9XsCeFumugENU3J": "6.35.0",
        "95cydKu4zdmeK3V4rXXSKZ": "0.7.0",
        "8PtdGodUbexNYgkuyBUcWu": "3.33.0",
        "9UibdRruyX43DxnB8Q1QXF": "0.7.0",
        "gmeH6XgPaBtkt51HunAo4g": "18.27.0"
      },
      "lang": "ts",
      "fileLocks": [
        {
          "type": "globalVariant",
          "assetId": "oNZAawMQhZV4",
          "checksum": "119c27a8f0b7ffbd17d65bdd98c4b996"
        },
        {
          "assetId": "aU6fPsMDSmKqgHWpAbdgs",
          "checksum": "25af018d8a12e84220d88fdc856fd29f",
          "type": "globalContexts"
        },
        {
          "type": "renderModule",
          "assetId": "qMyNx4KEh22M",
          "checksum": "f20acd6be25a5e4d9baa4f4c7e654ba2"
        },
        {
          "type": "cssRules",
          "assetId": "qMyNx4KEh22M",
          "checksum": "f20acd6be25a5e4d9baa4f4c7e654ba2"
        },
        {
          "type": "renderModule",
          "assetId": "15G81XIekDs9",
          "checksum": "3c7f07225b01b1f5a078990e4b371b72"
        },
        {
          "type": "cssRules",
          "assetId": "15G81XIekDs9",
          "checksum": "3c7f07225b01b1f5a078990e4b371b72"
        },
        {
          "type": "renderModule",
          "assetId": "0UcJTMqEEn6u",
          "checksum": "f1b97ad26ccd44ba1bc7953e9ac4712f"
        },
        {
          "type": "cssRules",
          "assetId": "0UcJTMqEEn6u",
          "checksum": "f1b97ad26ccd44ba1bc7953e9ac4712f"
        },
        {
          "type": "renderModule",
          "assetId": "0EkZlbx6K2L1",
          "checksum": "b724edf054212b3a4d66bbbf5f17fe44"
        },
        {
          "type": "cssRules",
          "assetId": "0EkZlbx6K2L1",
          "checksum": "b724edf054212b3a4d66bbbf5f17fe44"
        },
        {
          "type": "renderModule",
          "assetId": "HREvsQHdw0h_",
          "checksum": "42e07d9c67ab694018e56bd6fd8c66fb"
        },
        {
          "type": "cssRules",
          "assetId": "HREvsQHdw0h_",
          "checksum": "42e07d9c67ab694018e56bd6fd8c66fb"
        },
        {
          "type": "renderModule",
          "assetId": "GV1KOlx_b_Xo",
          "checksum": "be0f38f566bf1d3a6543fb76eccb3e58"
        },
        {
          "type": "cssRules",
          "assetId": "GV1KOlx_b_Xo",
          "checksum": "be0f38f566bf1d3a6543fb76eccb3e58"
        },
        {
          "type": "renderModule",
          "assetId": "yQnkyuy8-tJy",
          "checksum": "3e746efcf4e0b135a8ab4ed78d69fba8"
        },
        {
          "type": "cssRules",
          "assetId": "yQnkyuy8-tJy",
          "checksum": "3e746efcf4e0b135a8ab4ed78d69fba8"
        },
        {
          "type": "renderModule",
          "assetId": "zZNx54MRT-Br",
          "checksum": "4b0f8ef5844cc43f3f42891d2c23c99e"
        },
        {
          "type": "cssRules",
          "assetId": "zZNx54MRT-Br",
          "checksum": "4b0f8ef5844cc43f3f42891d2c23c99e"
        },
        {
          "type": "renderModule",
          "assetId": "Pbd98u3TbJTJ",
          "checksum": "6147b06e1614ebb673b42e7fa5f80630"
        },
        {
          "type": "cssRules",
          "assetId": "Pbd98u3TbJTJ",
          "checksum": "6147b06e1614ebb673b42e7fa5f80630"
        },
        {
          "type": "renderModule",
          "assetId": "w-k8SPtgF7fV",
          "checksum": "6e85cc35754f365e3759fbd640654b45"
        },
        {
          "type": "cssRules",
          "assetId": "w-k8SPtgF7fV",
          "checksum": "6e85cc35754f365e3759fbd640654b45"
        },
        {
          "type": "renderModule",
          "assetId": "oqH1E7yoY1w4",
          "checksum": "9d63a0f1a6ef1c48f17d7dea842cc27a"
        },
        {
          "type": "cssRules",
          "assetId": "oqH1E7yoY1w4",
          "checksum": "9d63a0f1a6ef1c48f17d7dea842cc27a"
        },
        {
          "type": "renderModule",
          "assetId": "UQQ4edXpA84b",
          "checksum": "23c54b2c5a8bb2298ea60358c5cddf29"
        },
        {
          "type": "cssRules",
          "assetId": "UQQ4edXpA84b",
          "checksum": "23c54b2c5a8bb2298ea60358c5cddf29"
        },
        {
          "type": "renderModule",
          "assetId": "OuJG8ggWPxG0",
          "checksum": "38fae0805ec0b81e260b3f87b20c581a"
        },
        {
          "type": "cssRules",
          "assetId": "OuJG8ggWPxG0",
          "checksum": "38fae0805ec0b81e260b3f87b20c581a"
        },
        {
          "type": "icon",
          "assetId": "8AcWHALIfatm",
          "checksum": "7f71fdc6485a15e93c0cd4f4e594c078"
        },
        {
          "type": "icon",
          "assetId": "X98YuP_uFRc3",
          "checksum": "b7d103d4babba140ae3b2aa1847bdfde"
        },
        {
          "type": "icon",
          "assetId": "52SKzpjqwYwC",
          "checksum": "9f12152503f58cb4aba76f14905a2dcf"
        },
        {
          "type": "icon",
          "assetId": "g1LUcwl7RvrM",
          "checksum": "3156dc7309fe8241be0a0d53cd6f4356"
        },
        {
          "type": "icon",
          "assetId": "QtRIZ9emewI1",
          "checksum": "2d82e4d996e483f52d8cb101f3ca7d50"
        },
        {
          "type": "icon",
          "assetId": "4lvL6CfKGFeL",
          "checksum": "a5c8ddde75af4f7d7da76443a3cc699b"
        },
        {
          "type": "icon",
          "assetId": "Wd7WrOJjslY3",
          "checksum": "14b96c6d57fed34d8cc746ac218c0a4c"
        },
        {
          "type": "icon",
          "assetId": "o0WWf6juUCyt",
          "checksum": "82f0522b6e22a9b78f6f635a5898879c"
        },
        {
          "type": "icon",
          "assetId": "nKLk3Wbpr-Nw",
          "checksum": "54739266b85c08830b6cde3b94a3d96e"
        },
        {
          "type": "icon",
          "assetId": "k_c6Xh1LZrcX",
          "checksum": "75bff0c3ab441651e599266db7e2466f"
        },
        {
          "type": "icon",
          "assetId": "JdG0eXaRAeXh",
          "checksum": "393868d4ce1ed5e5899a0f6208efd635"
        },
        {
          "type": "icon",
          "assetId": "TKOT_DA7kShk",
          "checksum": "dbffb70435be6b7f5e170c58c64a6c05"
        },
        {
          "type": "icon",
          "assetId": "d6VF5bDgNrVL",
          "checksum": "588cf0313a4ce582d6f8abc115578109"
        },
        {
          "type": "image",
          "assetId": "kIB-2kGROcap",
          "checksum": "b56b188b1b351f77b77cc515014db24f"
        },
        {
          "type": "image",
          "assetId": "9rW1HKt061TP",
          "checksum": "2d4d9ffb224df13c381f709ca969eda0"
        },
        {
          "type": "image",
          "assetId": "lO45QrvFNWCM",
          "checksum": "5b9e2b51ca278567661be4a42ae98c4f"
        },
        {
          "type": "image",
          "assetId": "6CtvFi3OxXUS",
          "checksum": "edf3d683935d9c6a2643702f8ff39266"
        },
        {
          "type": "image",
          "assetId": "_-6oV2iRNmZh",
          "checksum": "28e5fb401f8cdba0955322eea5b7b35b"
        },
        {
          "type": "image",
          "assetId": "XoYN8K9m5U2P",
          "checksum": "660cf4a8654e5aa40f4a3a376c1ad967"
        },
        {
          "type": "image",
          "assetId": "_W__1UPS20gG",
          "checksum": "2f0fbf805e1e85261d27ddfc6bd56df2"
        },
        {
          "type": "image",
          "assetId": "KXYZwvVjQjB7",
          "checksum": "b50c7dc9271bd680ba11c2b616b1470e"
        },
        {
          "type": "image",
          "assetId": "mQbOodyNS2fS",
          "checksum": "ff49f86f8a2635cab517434c21b42a84"
        },
        {
          "type": "image",
          "assetId": "vC3SUn6vS2NR",
          "checksum": "d5b9bb3c47b84dad442d88236d1ca6f8"
        },
        {
          "type": "image",
          "assetId": "8hxSv_8rxzq3",
          "checksum": "790a08fc2a4876d3b81ee62ea64909be"
        },
        {
          "type": "image",
          "assetId": "VsSZq4XOuZej",
          "checksum": "9eedc087f57638e45fba74133b292673"
        },
        {
          "type": "image",
          "assetId": "I3ndKkWfLeND",
          "checksum": "f36ed94caa3e89404e6217c951138e9e"
        },
        {
          "type": "renderModule",
          "assetId": "RM0X42We8_T_",
          "checksum": "183835481f82176ab8d59fe5f1b54900"
        },
        {
          "type": "cssRules",
          "assetId": "RM0X42We8_T_",
          "checksum": "183835481f82176ab8d59fe5f1b54900"
        },
        {
          "type": "renderModule",
          "assetId": "HrBj-zPT9hmk",
          "checksum": "ac2161cf830da333e20a00a357070ef4"
        },
        {
          "type": "cssRules",
          "assetId": "HrBj-zPT9hmk",
          "checksum": "ac2161cf830da333e20a00a357070ef4"
        },
        {
          "type": "renderModule",
          "assetId": "cUKxF1SsNd5_",
          "checksum": "a9e090eebfa9141903ce2850cbf352de"
        },
        {
          "type": "cssRules",
          "assetId": "cUKxF1SsNd5_",
          "checksum": "a9e090eebfa9141903ce2850cbf352de"
        },
        {
          "type": "renderModule",
          "assetId": "6lTsbja7hqTc",
          "checksum": "2d340ec13f115735cca33d095a0970b6"
        },
        {
          "type": "cssRules",
          "assetId": "6lTsbja7hqTc",
          "checksum": "2d340ec13f115735cca33d095a0970b6"
        },
        {
          "type": "renderModule",
          "assetId": "1eYhtagHUPjz",
          "checksum": "da4688034ef1fd50b07100677d1710a2"
        },
        {
          "type": "cssRules",
          "assetId": "1eYhtagHUPjz",
          "checksum": "da4688034ef1fd50b07100677d1710a2"
        },
        {
          "type": "renderModule",
          "assetId": "bYlyTDdEG1X1",
          "checksum": "422b7f07db98fc22079a6b5bd0b8c9e7"
        },
        {
          "type": "cssRules",
          "assetId": "bYlyTDdEG1X1",
          "checksum": "422b7f07db98fc22079a6b5bd0b8c9e7"
        },
        {
          "type": "icon",
          "assetId": "yaBBaS6PnbWa",
          "checksum": "cd621ab73e521f5fdfcbc303849df635"
        },
        {
          "type": "icon",
          "assetId": "eCYtXCdflNl8",
          "checksum": "ff55d150a807183c6b3d9bf69bb62201"
        },
        {
          "type": "icon",
          "assetId": "pi4ajG1MDyq3",
          "checksum": "d7a21f87cb2951589bc96e76d4bcb263"
        },
        {
          "type": "renderModule",
          "assetId": "inlyH9E0KabP",
          "checksum": "251df679a685d26387a712e4821c1b48"
        },
        {
          "type": "cssRules",
          "assetId": "inlyH9E0KabP",
          "checksum": "251df679a685d26387a712e4821c1b48"
        },
        {
          "type": "icon",
          "assetId": "ZM-4UGI2MwF2",
          "checksum": "b8f81ac7552e6492df01d5a5ce25de7f"
        },
        {
          "type": "icon",
          "assetId": "cT_T23sld5Ow",
          "checksum": "6070f8ec5eefe949932c5bdc787fa78c"
        },
        {
          "type": "icon",
          "assetId": "HutF-e5f3sLb",
          "checksum": "2996248145b8e53fc8e228f0b56ee43f"
        },
        {
          "type": "icon",
          "assetId": "os_k03ppp0Vl",
          "checksum": "d884e24a85cbff98bf937c001898c6c3"
        },
        {
          "assetId": "aU6fPsMDSmKqgHWpAbdgs",
          "checksum": "28e10d44c71f484cfb127c182bab6684",
          "type": "projectModule"
        },
        {
          "assetId": "aU6fPsMDSmKqgHWpAbdgs",
          "checksum": "3ee5073203485fd9d9b0b800592fe176",
          "type": "styleTokensProvider"
        },
        {
          "assetId": "aU6fPsMDSmKqgHWpAbdgs",
          "type": "projectCss",
          "checksum": "ae628ad63d76e08636d918bd387e6f31"
        }
      ],
      "codegenVersion": "0.0.2"
    },
    {
      "projectId": "gmeH6XgPaBtkt51HunAo4g",
      "version": "18.27.0",
      "dependencies": {},
      "lang": "ts",
      "fileLocks": [
        {
          "assetId": "gmeH6XgPaBtkt51HunAo4g",
          "checksum": "b257914c183ee7b8f06149f466106930",
          "type": "projectModule"
        },
        {
          "assetId": "gmeH6XgPaBtkt51HunAo4g",
          "checksum": "4b5f09b218e05c2944d99d725c0d2de2",
          "type": "styleTokensProvider"
        },
        {
          "assetId": "gmeH6XgPaBtkt51HunAo4g",
          "type": "projectCss",
          "checksum": "56a5d447501c0753e4cf451641894e78"
        }
      ],
      "codegenVersion": "0.0.2"
    }
  ],
  "cliVersion": "0.1.330"
}
