{
  "projects": [
    {
      "projectId": "caTPwKxj5ZrD9LQ7DMdK4Z",
      "version": "3.40.0",
      "dependencies": {},
      "lang": "ts",
      "fileLocks": [
        {
          "assetId": "caTPwKxj5ZrD9LQ7DMdK4Z",
          "type": "projectCss",
          "checksum": "1c02168c6b23256606111fdfdbb63549"
        }
      ],
      "codegenVersion": "0.0.1"
    },
    {
      "projectId": "oBJtsp5RgVpcN6KCrDTuQT",
      "version": "1.4.0",
      "dependencies": {},
      "lang": "ts",
      "fileLocks": [
        {
          "type": "globalVariant",
          "assetId": "BR2UhI7ulpvR",
          "checksum": "7dd3451831976b3b7f87519b09a8229b"
        },
        {
          "type": "icon",
          "assetId": "rDjUqSUK3eUM",
          "checksum": "a2a89126e9d4f94588ec08b80e2c8776"
        },
        {
          "type": "icon",
          "assetId": "r9Upp9NbiZkf",
          "checksum": "9d7ea21cac7322ef537972a599933b4b"
        },
        {
          "type": "icon",
          "assetId": "GHdF3hS-oP_3",
          "checksum": "02d3dfd561a8ed207de1008227b92020"
        },
        {
          "type": "icon",
          "assetId": "YXreB8gS3SjV",
          "checksum": "db4f070d03de3f905832203c543bcf6e"
        },
        {
          "type": "icon",
          "assetId": "aC_QFogxt1Ko",
          "checksum": "6e77d7eb5046aa0048f78c884358c59e"
        },
        {
          "type": "icon",
          "assetId": "GRY2zHJ6uxOn",
          "checksum": "d4d7dbba341312aa2aa30a59a3e493d8"
        },
        {
          "type": "icon",
          "assetId": "jHvDymIOvRnf",
          "checksum": "5c4030efdc719735eb9121618caa758c"
        },
        {
          "type": "icon",
          "assetId": "9zdEG9CdGbdC",
          "checksum": "0ab2e03013acdec1e2ec83b11b0a6b57"
        },
        {
          "type": "icon",
          "assetId": "7Dhq6fgU-utK",
          "checksum": "1f529b3973759c146e5c7c64efaef136"
        },
        {
          "type": "icon",
          "assetId": "J8ozh55UiWsA",
          "checksum": "8cf489b7683ac894d2333453da59dc10"
        },
        {
          "type": "icon",
          "assetId": "rW7v27ONOoUe",
          "checksum": "7b2b5f99b7f8a3fd8aaf5115b1c6d860"
        },
        {
          "type": "icon",
          "assetId": "4D7uZNf6OjbV",
          "checksum": "28642b07ebd327ffa1555216f81e4308"
        },
        {
          "type": "icon",
          "assetId": "e2zWN9c_lxv7",
          "checksum": "659d5226e2d363ff32eafb9be685386a"
        },
        {
          "type": "icon",
          "assetId": "WTtCf_1I-uMv",
          "checksum": "f1fa51e41b9e49a6b1d3ca0b56281d40"
        },
        {
          "type": "icon",
          "assetId": "eZfYsLpdWQA_",
          "checksum": "ce3f91d32ce41403b62e05b3f85bdccf"
        },
        {
          "type": "icon",
          "assetId": "NSxX1Iy4jDVL",
          "checksum": "f7ee94acc93a902b0b574c48fd0cf1a7"
        },
        {
          "type": "icon",
          "assetId": "dmfb3Ga2IoVt",
          "checksum": "0e165f3b8ff96008a34fc1559c5c5ebd"
        },
        {
          "type": "icon",
          "assetId": "BamIPHX72k5k",
          "checksum": "c80da7c2ab88ccff285cd60ba43f378b"
        },
        {
          "type": "icon",
          "assetId": "zb1oqVXdrxPK",
          "checksum": "07ad9dc6c5e57a37b9af8c86a61bb6bf"
        },
        {
          "type": "icon",
          "assetId": "oob3UzcKBsd_",
          "checksum": "48b18a7d0f3c7534678907f308ebd125"
        },
        {
          "type": "icon",
          "assetId": "qxWwW7vbw7na",
          "checksum": "5020e76547cd1c8acc6eee036b77141c"
        },
        {
          "type": "image",
          "assetId": "ijbf5URccsnE",
          "checksum": "871858b983feb6fdf32268fce7608bc6"
        },
        {
          "assetId": "oBJtsp5RgVpcN6KCrDTuQT",
          "type": "projectCss",
          "checksum": "8626334f5b4fdf156ef887301591dae8"
        },
        {
          "type": "icon",
          "assetId": "vu4uxcIH4gVk",
          "checksum": "bf653a827403b67d55ed0f4d3f5e3360"
        },
        {
          "type": "icon",
          "assetId": "0Ejs1gKiFp1s",
          "checksum": "3955ba1741d75d63e9abd01b1cf5c1c5"
        }
      ],
      "codegenVersion": "0.0.1"
    },
    {
      "projectId": "sqPBLwEBBKHA2WDuGb17eV",
      "version": "2.4.0",
      "dependencies": {},
      "lang": "ts",
      "fileLocks": [
        {
          "type": "renderModule",
          "assetId": "5nirPCGmCnRD",
          "checksum": "8349abdc2d4e50b2af228bf309abc811"
        },
        {
          "type": "cssRules",
          "assetId": "5nirPCGmCnRD",
          "checksum": "8349abdc2d4e50b2af228bf309abc811"
        },
        {
          "type": "icon",
          "assetId": "Wyt3GMMsLefj",
          "checksum": "d2b1886763aa016780501d0c22f50b5e"
        },
        {
          "type": "icon",
          "assetId": "MbDRsJU0e3bw",
          "checksum": "92672aa6935120ebaac11939d8d127bb"
        },
        {
          "assetId": "sqPBLwEBBKHA2WDuGb17eV",
          "type": "projectCss",
          "checksum": "1c02168c6b23256606111fdfdbb63549"
        }
      ],
      "codegenVersion": "0.0.1"
    },
    {
      "projectId": "YUiM7yqBWAqsh8KSnrdj7",
      "version": "0.33.0",
      "dependencies": {},
      "lang": "ts",
      "fileLocks": [
        {
          "assetId": "YUiM7yqBWAqsh8KSnrdj7",
          "type": "projectCss",
          "checksum": "21b499a9da4edbc2266c72c2ba127787"
        }
      ],
      "codegenVersion": "0.0.1"
    },
    {
      "projectId": "h9Dbk9ygddw7UVEq1NNhKi",
      "version": "8.0.0",
      "dependencies": {
        "sqPBLwEBBKHA2WDuGb17eV": "2.4.0",
        "oBJtsp5RgVpcN6KCrDTuQT": "1.4.0",
        "caTPwKxj5ZrD9LQ7DMdK4Z": "3.40.0",
        "8PtdGodUbexNYgkuyBUcWu": "3.27.0",
        "9UibdRruyX43DxnB8Q1QXF": "0.4.0"
      },
      "lang": "ts",
      "fileLocks": [
        {
          "type": "globalVariant",
          "assetId": "QmLtHiTXdNxv",
          "checksum": "1e98dc47c933788088926d8b42faad7b"
        },
        {
          "type": "renderModule",
          "assetId": "3i84rYjQRrs4",
          "checksum": "0f12f2c78b8ba5da4810827d60b98f19"
        },
        {
          "type": "cssRules",
          "assetId": "3i84rYjQRrs4",
          "checksum": "0f12f2c78b8ba5da4810827d60b98f19"
        },
        {
          "type": "renderModule",
          "assetId": "oVzoHzMf1TLl",
          "checksum": "e9961e3cb38eb81a54c0c4cced3a2690"
        },
        {
          "type": "cssRules",
          "assetId": "oVzoHzMf1TLl",
          "checksum": "e9961e3cb38eb81a54c0c4cced3a2690"
        },
        {
          "type": "renderModule",
          "assetId": "FJiI2-N1is_F",
          "checksum": "8728e08dfe80c45e8135e98c0afddded"
        },
        {
          "type": "cssRules",
          "assetId": "FJiI2-N1is_F",
          "checksum": "8728e08dfe80c45e8135e98c0afddded"
        },
        {
          "type": "renderModule",
          "assetId": "1bFBcAoH0lNN",
          "checksum": "b45a7666f12c619cfc889e44a3d86b59"
        },
        {
          "type": "cssRules",
          "assetId": "1bFBcAoH0lNN",
          "checksum": "b45a7666f12c619cfc889e44a3d86b59"
        },
        {
          "type": "renderModule",
          "assetId": "fa_t7ELXcm5k",
          "checksum": "10e10978da7f43e7297631e99cdcc0b0"
        },
        {
          "type": "cssRules",
          "assetId": "fa_t7ELXcm5k",
          "checksum": "10e10978da7f43e7297631e99cdcc0b0"
        },
        {
          "type": "renderModule",
          "assetId": "CZBpNouNw7Ui",
          "checksum": "93119fa108f302a6f0b296a37e498999"
        },
        {
          "type": "cssRules",
          "assetId": "CZBpNouNw7Ui",
          "checksum": "93119fa108f302a6f0b296a37e498999"
        },
        {
          "type": "icon",
          "assetId": "eCsLCdWP9DST",
          "checksum": "2bfc7e4636bd7e7fef59654fb0c1e3da"
        },
        {
          "type": "icon",
          "assetId": "xYtO5aWYRBvW",
          "checksum": "7d4e6a111d6640f786b347cca4d8ad15"
        },
        {
          "type": "icon",
          "assetId": "RqwNL88PjcHS",
          "checksum": "edb65584ff15c1e9446c973102b7dd81"
        },
        {
          "type": "icon",
          "assetId": "_Qaeb-4Y8N07",
          "checksum": "349d2c2c85d682cf036b8ef1aeb489aa"
        },
        {
          "type": "renderModule",
          "assetId": "kYXN54tCkD2S",
          "checksum": "6fbe0727b80efbb8534a2c8531610fff"
        },
        {
          "type": "cssRules",
          "assetId": "kYXN54tCkD2S",
          "checksum": "6fbe0727b80efbb8534a2c8531610fff"
        },
        {
          "assetId": "h9Dbk9ygddw7UVEq1NNhKi",
          "type": "projectCss",
          "checksum": "7d3eebfcf42a9640062faf69a73b2f66"
        },
        {
          "assetId": "h9Dbk9ygddw7UVEq1NNhKi",
          "checksum": "0a4f715783fe4f4c1cf0cd6eb612a63b",
          "type": "globalContexts"
        }
      ],
      "codegenVersion": "0.0.1"
    },
    {
      "projectId": "aU6fPsMDSmKqgHWpAbdgs",
      "version": "latest",
      "dependencies": {
        "h9Dbk9ygddw7UVEq1NNhKi": "8.0.0",
        "oBJtsp5RgVpcN6KCrDTuQT": "1.4.0",
        "sqPBLwEBBKHA2WDuGb17eV": "2.4.0",
        "caTPwKxj5ZrD9LQ7DMdK4Z": "3.40.0",
        "YUiM7yqBWAqsh8KSnrdj7": "0.33.0",
        "kS7YGZfVr6mU43XDQjXELc": "0.18.0",
        "ohDidvG9XsCeFumugENU3J": "6.29.0",
        "95cydKu4zdmeK3V4rXXSKZ": "0.4.0",
        "8PtdGodUbexNYgkuyBUcWu": "3.27.0",
        "9UibdRruyX43DxnB8Q1QXF": "0.4.0"
      },
      "lang": "ts",
      "fileLocks": [
        {
          "type": "globalVariant",
          "assetId": "oNZAawMQhZV4",
          "checksum": "db7a219aa938bf2f4947201d38a3ab29"
        },
        {
          "assetId": "aU6fPsMDSmKqgHWpAbdgs",
          "checksum": "202c18cbb6f7b29815fbe4fe9a7cf9a7",
          "type": "globalContexts"
        },
        {
          "type": "renderModule",
          "assetId": "qMyNx4KEh22M",
          "checksum": "0823a5a47e8b85f2a944ca49134b091f"
        },
        {
          "type": "cssRules",
          "assetId": "qMyNx4KEh22M",
          "checksum": "0823a5a47e8b85f2a944ca49134b091f"
        },
        {
          "type": "renderModule",
          "assetId": "15G81XIekDs9",
          "checksum": "5ecc6981996de5e1e89cac864262ff53"
        },
        {
          "type": "cssRules",
          "assetId": "15G81XIekDs9",
          "checksum": "5ecc6981996de5e1e89cac864262ff53"
        },
        {
          "type": "renderModule",
          "assetId": "0UcJTMqEEn6u",
          "checksum": "66986845dc35f545172118d8782612a6"
        },
        {
          "type": "cssRules",
          "assetId": "0UcJTMqEEn6u",
          "checksum": "66986845dc35f545172118d8782612a6"
        },
        {
          "type": "image",
          "assetId": "kIB-2kGROcap",
          "checksum": "b56b188b1b351f77b77cc515014db24f"
        },
        {
          "type": "icon",
          "assetId": "8AcWHALIfatm",
          "checksum": "660f1cf5b2ca9c60b3804b99a4ea5404"
        },
        {
          "type": "renderModule",
          "assetId": "0EkZlbx6K2L1",
          "checksum": "04bf481da65d16cb7a25e256ea1746eb"
        },
        {
          "type": "cssRules",
          "assetId": "0EkZlbx6K2L1",
          "checksum": "04bf481da65d16cb7a25e256ea1746eb"
        },
        {
          "type": "renderModule",
          "assetId": "HREvsQHdw0h_",
          "checksum": "22ac4fe553b96179a235cd5b93872bb7"
        },
        {
          "type": "cssRules",
          "assetId": "HREvsQHdw0h_",
          "checksum": "22ac4fe553b96179a235cd5b93872bb7"
        },
        {
          "type": "renderModule",
          "assetId": "GV1KOlx_b_Xo",
          "checksum": "4374e865a9ec3a192cc4b00f31737453"
        },
        {
          "type": "cssRules",
          "assetId": "GV1KOlx_b_Xo",
          "checksum": "4374e865a9ec3a192cc4b00f31737453"
        },
        {
          "type": "renderModule",
          "assetId": "yQnkyuy8-tJy",
          "checksum": "e386d9e0202299eea9a9679e27c35c3f"
        },
        {
          "type": "cssRules",
          "assetId": "yQnkyuy8-tJy",
          "checksum": "e386d9e0202299eea9a9679e27c35c3f"
        },
        {
          "type": "renderModule",
          "assetId": "zZNx54MRT-Br",
          "checksum": "a03304ab007b73cc94713ea9ca480a1f"
        },
        {
          "type": "cssRules",
          "assetId": "zZNx54MRT-Br",
          "checksum": "a03304ab007b73cc94713ea9ca480a1f"
        },
        {
          "type": "icon",
          "assetId": "X98YuP_uFRc3",
          "checksum": "17f97c5961b4aea8354e8e0b7546b9cd"
        },
        {
          "type": "icon",
          "assetId": "52SKzpjqwYwC",
          "checksum": "f474ab4d82eeb9a06e41a98ea90364bb"
        },
        {
          "type": "image",
          "assetId": "9rW1HKt061TP",
          "checksum": "2d4d9ffb224df13c381f709ca969eda0"
        },
        {
          "type": "image",
          "assetId": "lO45QrvFNWCM",
          "checksum": "5b9e2b51ca278567661be4a42ae98c4f"
        },
        {
          "type": "icon",
          "assetId": "g1LUcwl7RvrM",
          "checksum": "ea55ba37d9ddb700b4cd7243cea13c6d"
        },
        {
          "type": "icon",
          "assetId": "QtRIZ9emewI1",
          "checksum": "2ea6166c0fe402587a58285da850c245"
        },
        {
          "type": "icon",
          "assetId": "4lvL6CfKGFeL",
          "checksum": "8291178b977a61c6de080dbee334d2b1"
        },
        {
          "type": "icon",
          "assetId": "Wd7WrOJjslY3",
          "checksum": "f69f5be7ab8544c661a614a6e99744b7"
        },
        {
          "type": "icon",
          "assetId": "o0WWf6juUCyt",
          "checksum": "4d90feb18f24814abe18b3eb4a17de64"
        },
        {
          "type": "icon",
          "assetId": "nKLk3Wbpr-Nw",
          "checksum": "5f15cef65f64ce1cac5d3adc33b2f399"
        },
        {
          "type": "icon",
          "assetId": "k_c6Xh1LZrcX",
          "checksum": "35dd11490d5ae19d352910ef59092bd0"
        },
        {
          "type": "icon",
          "assetId": "JdG0eXaRAeXh",
          "checksum": "7540696f55525dca5af23906d89d5879"
        },
        {
          "type": "renderModule",
          "assetId": "Pbd98u3TbJTJ",
          "checksum": "a47d95c06fe850766e6b0d4cf55ac572"
        },
        {
          "type": "cssRules",
          "assetId": "Pbd98u3TbJTJ",
          "checksum": "a47d95c06fe850766e6b0d4cf55ac572"
        },
        {
          "type": "renderModule",
          "assetId": "w-k8SPtgF7fV",
          "checksum": "02ea897ef2b568d0732bd89753e293d3"
        },
        {
          "type": "cssRules",
          "assetId": "w-k8SPtgF7fV",
          "checksum": "02ea897ef2b568d0732bd89753e293d3"
        },
        {
          "type": "renderModule",
          "assetId": "oqH1E7yoY1w4",
          "checksum": "a9e74705c5492e76671666c031434a78"
        },
        {
          "type": "cssRules",
          "assetId": "oqH1E7yoY1w4",
          "checksum": "a9e74705c5492e76671666c031434a78"
        },
        {
          "type": "image",
          "assetId": "6CtvFi3OxXUS",
          "checksum": "edf3d683935d9c6a2643702f8ff39266"
        },
        {
          "type": "icon",
          "assetId": "TKOT_DA7kShk",
          "checksum": "a2ec677dabe3f222879b30501e47a828"
        },
        {
          "type": "icon",
          "assetId": "d6VF5bDgNrVL",
          "checksum": "d53b634d58b359ec759bd5325379ceb9"
        },
        {
          "type": "image",
          "assetId": "_-6oV2iRNmZh",
          "checksum": "28e5fb401f8cdba0955322eea5b7b35b"
        },
        {
          "type": "image",
          "assetId": "XoYN8K9m5U2P",
          "checksum": "660cf4a8654e5aa40f4a3a376c1ad967"
        },
        {
          "type": "image",
          "assetId": "_W__1UPS20gG",
          "checksum": "2f0fbf805e1e85261d27ddfc6bd56df2"
        },
        {
          "type": "image",
          "assetId": "KXYZwvVjQjB7",
          "checksum": "b50c7dc9271bd680ba11c2b616b1470e"
        },
        {
          "type": "renderModule",
          "assetId": "UQQ4edXpA84b",
          "checksum": "1518603392b00d2d7ee001d22efaae6b"
        },
        {
          "type": "cssRules",
          "assetId": "UQQ4edXpA84b",
          "checksum": "1518603392b00d2d7ee001d22efaae6b"
        },
        {
          "type": "renderModule",
          "assetId": "OuJG8ggWPxG0",
          "checksum": "576cddee084776d5abf1e25718c81e02"
        },
        {
          "type": "cssRules",
          "assetId": "OuJG8ggWPxG0",
          "checksum": "576cddee084776d5abf1e25718c81e02"
        },
        {
          "type": "image",
          "assetId": "mQbOodyNS2fS",
          "checksum": "ff49f86f8a2635cab517434c21b42a84"
        },
        {
          "type": "image",
          "assetId": "vC3SUn6vS2NR",
          "checksum": "d5b9bb3c47b84dad442d88236d1ca6f8"
        },
        {
          "type": "image",
          "assetId": "8hxSv_8rxzq3",
          "checksum": "790a08fc2a4876d3b81ee62ea64909be"
        },
        {
          "type": "image",
          "assetId": "VsSZq4XOuZej",
          "checksum": "9eedc087f57638e45fba74133b292673"
        },
        {
          "assetId": "aU6fPsMDSmKqgHWpAbdgs",
          "type": "projectCss",
          "checksum": "45fb2aa6ce33d0a9f33c1c11bd2c6b4b"
        }
      ],
      "codegenVersion": "0.0.1"
    },
    {
      "projectId": "kS7YGZfVr6mU43XDQjXELc",
      "version": "0.18.0",
      "dependencies": {},
      "lang": "ts",
      "fileLocks": [
        {
          "assetId": "kS7YGZfVr6mU43XDQjXELc",
          "type": "projectCss",
          "checksum": "1c02168c6b23256606111fdfdbb63549"
        }
      ],
      "codegenVersion": "0.0.1"
    },
    {
      "projectId": "ohDidvG9XsCeFumugENU3J",
      "version": "6.29.0",
      "dependencies": {},
      "lang": "ts",
      "fileLocks": [
        {
          "assetId": "ohDidvG9XsCeFumugENU3J",
          "checksum": "de0a0e65174a6a185a8f822af51c6bdd",
          "type": "globalContexts"
        },
        {
          "assetId": "ohDidvG9XsCeFumugENU3J",
          "type": "projectCss",
          "checksum": "ba2a60a163fca4f4d510275088a2be53"
        }
      ],
      "codegenVersion": "0.0.1"
    },
    {
      "projectId": "95cydKu4zdmeK3V4rXXSKZ",
      "version": "0.4.0",
      "dependencies": {},
      "lang": "ts",
      "fileLocks": [
        {
          "assetId": "95cydKu4zdmeK3V4rXXSKZ",
          "type": "projectCss",
          "checksum": "1c02168c6b23256606111fdfdbb63549"
        }
      ],
      "codegenVersion": "0.0.1"
    },
    {
      "projectId": "9UibdRruyX43DxnB8Q1QXF",
      "version": "0.4.0",
      "dependencies": {},
      "lang": "ts",
      "fileLocks": [
        {
          "assetId": "9UibdRruyX43DxnB8Q1QXF",
          "type": "projectCss",
          "checksum": "1c02168c6b23256606111fdfdbb63549"
        }
      ],
      "codegenVersion": "0.0.1"
    },
    {
      "projectId": "8PtdGodUbexNYgkuyBUcWu",
      "version": "3.27.0",
      "dependencies": {},
      "lang": "ts",
      "fileLocks": [
        {
          "assetId": "8PtdGodUbexNYgkuyBUcWu",
          "type": "projectCss",
          "checksum": "9440f91b1e8169311ba244276a5922c3"
        },
        {
          "assetId": "8PtdGodUbexNYgkuyBUcWu",
          "checksum": "34a063f27f0b27a7d1d344bc6b5252c5",
          "type": "globalContexts"
        }
      ],
      "codegenVersion": "0.0.1"
    }
  ],
  "cliVersion": "0.1.330"
}
