{
  "projects": [
    {
      "projectId": "9UibdRruyX43DxnB8Q1QXF",
      "version": "0.4.0",
      "dependencies": {},
      "lang": "ts",
      "fileLocks": [
        {
          "assetId": "9UibdRruyX43DxnB8Q1QXF",
          "type": "projectCss",
          "checksum": "1c02168c6b23256606111fdfdbb63549"
        }
      ],
      "codegenVersion": "0.0.1"
    },
    {
      "projectId": "8PtdGodUbexNYgkuyBUcWu",
      "version": "3.29.0",
      "dependencies": {},
      "lang": "ts",
      "fileLocks": [
        {
          "assetId": "8PtdGodUbexNYgkuyBUcWu",
          "checksum": "73535dd5df0b6752ddefce5a51e0fa5e",
          "type": "globalContexts"
        },
        {
          "assetId": "8PtdGodUbexNYgkuyBUcWu",
          "type": "projectCss",
          "checksum": "9440f91b1e8169311ba244276a5922c3"
        }
      ],
      "codegenVersion": "0.0.1"
    },
    {
      "projectId": "caTPwKxj5ZrD9LQ7DMdK4Z",
      "version": "3.42.0",
      "dependencies": {},
      "lang": "ts",
      "fileLocks": [
        {
          "assetId": "caTPwKxj5ZrD9LQ7DMdK4Z",
          "type": "projectCss",
          "checksum": "1c02168c6b23256606111fdfdbb63549"
        }
      ],
      "codegenVersion": "0.0.1"
    },
    {
      "projectId": "oBJtsp5RgVpcN6KCrDTuQT",
      "version": "1.4.1",
      "dependencies": {},
      "lang": "ts",
      "fileLocks": [
        {
          "type": "globalVariant",
          "assetId": "BR2UhI7ulpvR",
          "checksum": "253ca77c5aea449614bf1d4b6f563570"
        },
        {
          "type": "icon",
          "assetId": "rDjUqSUK3eUM",
          "checksum": "dc694b0d96500d968b028761de044bfb"
        },
        {
          "type": "icon",
          "assetId": "r9Upp9NbiZkf",
          "checksum": "388abe0d0974b9435dbc07e7c61ce890"
        },
        {
          "type": "icon",
          "assetId": "GHdF3hS-oP_3",
          "checksum": "d1129e1d27546b4a318339a15d36e0d4"
        },
        {
          "type": "icon",
          "assetId": "YXreB8gS3SjV",
          "checksum": "ca2631bf2709ffbede9d58e334b189c2"
        },
        {
          "type": "icon",
          "assetId": "aC_QFogxt1Ko",
          "checksum": "40826931fc07f5187ffde35ef60967ac"
        },
        {
          "type": "icon",
          "assetId": "GRY2zHJ6uxOn",
          "checksum": "2c083501909d59cfe0ea7cb7996fd28f"
        },
        {
          "type": "icon",
          "assetId": "jHvDymIOvRnf",
          "checksum": "84d13f836314ba0ae512b9de48d93ed8"
        },
        {
          "type": "icon",
          "assetId": "9zdEG9CdGbdC",
          "checksum": "1f171a0800233f1442e7d2bccf80579f"
        },
        {
          "type": "icon",
          "assetId": "7Dhq6fgU-utK",
          "checksum": "003bc64498c90a5ed36c936068dc4683"
        },
        {
          "type": "icon",
          "assetId": "J8ozh55UiWsA",
          "checksum": "19a0a611bce8a3d484988dddeb495d93"
        },
        {
          "type": "icon",
          "assetId": "rW7v27ONOoUe",
          "checksum": "476c4be86c53c8d47ebd015f1f233531"
        },
        {
          "type": "icon",
          "assetId": "4D7uZNf6OjbV",
          "checksum": "94ac616e9797414d3046614537d876cf"
        },
        {
          "type": "icon",
          "assetId": "e2zWN9c_lxv7",
          "checksum": "591ebad6685d5cc4223ef54e27e1bf20"
        },
        {
          "type": "icon",
          "assetId": "WTtCf_1I-uMv",
          "checksum": "881576dd6a5158925fb577365f5f4301"
        },
        {
          "type": "icon",
          "assetId": "eZfYsLpdWQA_",
          "checksum": "7440dc6e52053f9c038bd9ab1b6c1cbc"
        },
        {
          "type": "icon",
          "assetId": "NSxX1Iy4jDVL",
          "checksum": "1870bb10d69e41e51b2c4984bb220cb6"
        },
        {
          "type": "icon",
          "assetId": "dmfb3Ga2IoVt",
          "checksum": "599824abe1db0900e0d9d3f6bca69e5e"
        },
        {
          "type": "icon",
          "assetId": "BamIPHX72k5k",
          "checksum": "ae62abe807cf03508778b8b81a1dfa45"
        },
        {
          "type": "icon",
          "assetId": "zb1oqVXdrxPK",
          "checksum": "09f0104eff9c3b860c3bb51327a85a50"
        },
        {
          "type": "icon",
          "assetId": "oob3UzcKBsd_",
          "checksum": "0faac4bbfe9ecf64e494d37a142bd0c3"
        },
        {
          "type": "icon",
          "assetId": "qxWwW7vbw7na",
          "checksum": "f8591da4e1feb7d84363e9c5423f223e"
        },
        {
          "type": "icon",
          "assetId": "vu4uxcIH4gVk",
          "checksum": "a7b07b5c256d64d85dd8f30c503e4dfa"
        },
        {
          "type": "icon",
          "assetId": "0Ejs1gKiFp1s",
          "checksum": "64dff2de85197c4126670ebfcef257d0"
        },
        {
          "type": "image",
          "assetId": "ijbf5URccsnE",
          "checksum": "871858b983feb6fdf32268fce7608bc6"
        },
        {
          "assetId": "oBJtsp5RgVpcN6KCrDTuQT",
          "type": "projectCss",
          "checksum": "02b7658af75ee064a8b36c52d696904b"
        }
      ],
      "codegenVersion": "0.0.1"
    },
    {
      "projectId": "sqPBLwEBBKHA2WDuGb17eV",
      "version": "2.6.0",
      "dependencies": {},
      "lang": "ts",
      "fileLocks": [
        {
          "type": "renderModule",
          "assetId": "5nirPCGmCnRD",
          "checksum": "e5ee25bb49ee212adb1cc02727636ade"
        },
        {
          "type": "cssRules",
          "assetId": "5nirPCGmCnRD",
          "checksum": "e5ee25bb49ee212adb1cc02727636ade"
        },
        {
          "type": "icon",
          "assetId": "Wyt3GMMsLefj",
          "checksum": "deaf3f5a9deac5496bb1f95e8d12632e"
        },
        {
          "type": "icon",
          "assetId": "MbDRsJU0e3bw",
          "checksum": "9d51d53684707877b3fd221333160d5b"
        },
        {
          "assetId": "sqPBLwEBBKHA2WDuGb17eV",
          "type": "projectCss",
          "checksum": "1c02168c6b23256606111fdfdbb63549"
        }
      ],
      "codegenVersion": "0.0.1"
    },
    {
      "projectId": "95cydKu4zdmeK3V4rXXSKZ",
      "version": "0.4.0",
      "dependencies": {},
      "lang": "ts",
      "fileLocks": [
        {
          "assetId": "95cydKu4zdmeK3V4rXXSKZ",
          "type": "projectCss",
          "checksum": "1c02168c6b23256606111fdfdbb63549"
        }
      ],
      "codegenVersion": "0.0.1"
    },
    {
      "projectId": "ohDidvG9XsCeFumugENU3J",
      "version": "6.31.0",
      "dependencies": {},
      "lang": "ts",
      "fileLocks": [
        {
          "assetId": "ohDidvG9XsCeFumugENU3J",
          "checksum": "f9cc098ce5640eefe7d9edb8470a210c",
          "type": "globalContexts"
        },
        {
          "assetId": "ohDidvG9XsCeFumugENU3J",
          "type": "projectCss",
          "checksum": "ba2a60a163fca4f4d510275088a2be53"
        }
      ],
      "codegenVersion": "0.0.1"
    },
    {
      "projectId": "kS7YGZfVr6mU43XDQjXELc",
      "version": "0.20.0",
      "dependencies": {},
      "lang": "ts",
      "fileLocks": [
        {
          "assetId": "kS7YGZfVr6mU43XDQjXELc",
          "type": "projectCss",
          "checksum": "1c02168c6b23256606111fdfdbb63549"
        }
      ],
      "codegenVersion": "0.0.1"
    },
    {
      "projectId": "YUiM7yqBWAqsh8KSnrdj7",
      "version": "0.35.0",
      "dependencies": {},
      "lang": "ts",
      "fileLocks": [
        {
          "assetId": "YUiM7yqBWAqsh8KSnrdj7",
          "type": "projectCss",
          "checksum": "21b499a9da4edbc2266c72c2ba127787"
        }
      ],
      "codegenVersion": "0.0.1"
    },
    {
      "projectId": "h9Dbk9ygddw7UVEq1NNhKi",
      "version": "8.1.0",
      "dependencies": {
        "sqPBLwEBBKHA2WDuGb17eV": "2.4.0",
        "oBJtsp5RgVpcN6KCrDTuQT": "1.4.1",
        "caTPwKxj5ZrD9LQ7DMdK4Z": "3.40.0",
        "8PtdGodUbexNYgkuyBUcWu": "3.27.0",
        "9UibdRruyX43DxnB8Q1QXF": "0.4.0"
      },
      "lang": "ts",
      "fileLocks": [
        {
          "type": "globalVariant",
          "assetId": "QmLtHiTXdNxv",
          "checksum": "ef253a39a54302f4c8dca010a2d5c213"
        },
        {
          "assetId": "h9Dbk9ygddw7UVEq1NNhKi",
          "checksum": "cc56214f4a3815d710d373c7b487dc83",
          "type": "globalContexts"
        },
        {
          "type": "renderModule",
          "assetId": "3i84rYjQRrs4",
          "checksum": "03f6752654a6469d02164671e9613e82"
        },
        {
          "type": "cssRules",
          "assetId": "3i84rYjQRrs4",
          "checksum": "03f6752654a6469d02164671e9613e82"
        },
        {
          "type": "renderModule",
          "assetId": "oVzoHzMf1TLl",
          "checksum": "05a0ae83ec68d6ec97b219cad0cd3f4e"
        },
        {
          "type": "cssRules",
          "assetId": "oVzoHzMf1TLl",
          "checksum": "05a0ae83ec68d6ec97b219cad0cd3f4e"
        },
        {
          "type": "renderModule",
          "assetId": "FJiI2-N1is_F",
          "checksum": "535dcf3483aa26911f61cfa51802d5b9"
        },
        {
          "type": "cssRules",
          "assetId": "FJiI2-N1is_F",
          "checksum": "535dcf3483aa26911f61cfa51802d5b9"
        },
        {
          "type": "renderModule",
          "assetId": "1bFBcAoH0lNN",
          "checksum": "0bd3daf6a1de2e028d450341ffc26501"
        },
        {
          "type": "cssRules",
          "assetId": "1bFBcAoH0lNN",
          "checksum": "0bd3daf6a1de2e028d450341ffc26501"
        },
        {
          "type": "renderModule",
          "assetId": "fa_t7ELXcm5k",
          "checksum": "58e90c9ba1b9f7ab3035583052f73de5"
        },
        {
          "type": "cssRules",
          "assetId": "fa_t7ELXcm5k",
          "checksum": "58e90c9ba1b9f7ab3035583052f73de5"
        },
        {
          "type": "renderModule",
          "assetId": "CZBpNouNw7Ui",
          "checksum": "0155e2ee95d5c325aa0396e48bddc606"
        },
        {
          "type": "cssRules",
          "assetId": "CZBpNouNw7Ui",
          "checksum": "0155e2ee95d5c325aa0396e48bddc606"
        },
        {
          "type": "renderModule",
          "assetId": "kYXN54tCkD2S",
          "checksum": "45b713cdadf72f1bd6c4ed0c287d9a12"
        },
        {
          "type": "cssRules",
          "assetId": "kYXN54tCkD2S",
          "checksum": "45b713cdadf72f1bd6c4ed0c287d9a12"
        },
        {
          "type": "icon",
          "assetId": "eCsLCdWP9DST",
          "checksum": "f56f1a2bdf973513b0ac3844b0ea9df4"
        },
        {
          "type": "icon",
          "assetId": "xYtO5aWYRBvW",
          "checksum": "a00dcd2a6b86467d6dc865ec21119d7f"
        },
        {
          "type": "icon",
          "assetId": "RqwNL88PjcHS",
          "checksum": "5404c4d8e38c1036ad0ec8dc654dbc85"
        },
        {
          "type": "icon",
          "assetId": "_Qaeb-4Y8N07",
          "checksum": "60099d3d9950e34fb5491892f02062f9"
        },
        {
          "assetId": "h9Dbk9ygddw7UVEq1NNhKi",
          "type": "projectCss",
          "checksum": "7d3eebfcf42a9640062faf69a73b2f66"
        }
      ],
      "codegenVersion": "0.0.1"
    },
    {
      "projectId": "aU6fPsMDSmKqgHWpAbdgs",
      "version": "latest",
      "dependencies": {
        "h9Dbk9ygddw7UVEq1NNhKi": "8.1.0",
        "oBJtsp5RgVpcN6KCrDTuQT": "1.4.1",
        "sqPBLwEBBKHA2WDuGb17eV": "2.6.0",
        "caTPwKxj5ZrD9LQ7DMdK4Z": "3.42.0",
        "YUiM7yqBWAqsh8KSnrdj7": "0.35.0",
        "kS7YGZfVr6mU43XDQjXELc": "0.20.0",
        "ohDidvG9XsCeFumugENU3J": "6.31.0",
        "95cydKu4zdmeK3V4rXXSKZ": "0.4.0",
        "8PtdGodUbexNYgkuyBUcWu": "3.29.0",
        "9UibdRruyX43DxnB8Q1QXF": "0.4.0",
        "gmeH6XgPaBtkt51HunAo4g": "18.20.0"
      },
      "lang": "ts",
      "fileLocks": [
        {
          "type": "globalVariant",
          "assetId": "oNZAawMQhZV4",
          "checksum": "119c27a8f0b7ffbd17d65bdd98c4b996"
        },
        {
          "assetId": "aU6fPsMDSmKqgHWpAbdgs",
          "checksum": "fc825b32c2803fa3d28a920232459a3f",
          "type": "globalContexts"
        },
        {
          "type": "renderModule",
          "assetId": "qMyNx4KEh22M",
          "checksum": "a4a6c2a3b87e63b09957e51dfb6d7243"
        },
        {
          "type": "cssRules",
          "assetId": "qMyNx4KEh22M",
          "checksum": "a4a6c2a3b87e63b09957e51dfb6d7243"
        },
        {
          "type": "renderModule",
          "assetId": "15G81XIekDs9",
          "checksum": "3f6470eb665e688783cc8ff43aeb2fc8"
        },
        {
          "type": "cssRules",
          "assetId": "15G81XIekDs9",
          "checksum": "3f6470eb665e688783cc8ff43aeb2fc8"
        },
        {
          "type": "renderModule",
          "assetId": "0UcJTMqEEn6u",
          "checksum": "450fcecbc676eb7bcb070c2b19f6b90a"
        },
        {
          "type": "cssRules",
          "assetId": "0UcJTMqEEn6u",
          "checksum": "450fcecbc676eb7bcb070c2b19f6b90a"
        },
        {
          "type": "renderModule",
          "assetId": "0EkZlbx6K2L1",
          "checksum": "bbfc494dfc377231dd51727b9e0833ec"
        },
        {
          "type": "cssRules",
          "assetId": "0EkZlbx6K2L1",
          "checksum": "bbfc494dfc377231dd51727b9e0833ec"
        },
        {
          "type": "renderModule",
          "assetId": "HREvsQHdw0h_",
          "checksum": "12146dc3450065bf38b15639ea2fa026"
        },
        {
          "type": "cssRules",
          "assetId": "HREvsQHdw0h_",
          "checksum": "12146dc3450065bf38b15639ea2fa026"
        },
        {
          "type": "renderModule",
          "assetId": "GV1KOlx_b_Xo",
          "checksum": "787ef70d7fc99828b863c0e6ce72cbff"
        },
        {
          "type": "cssRules",
          "assetId": "GV1KOlx_b_Xo",
          "checksum": "787ef70d7fc99828b863c0e6ce72cbff"
        },
        {
          "type": "renderModule",
          "assetId": "yQnkyuy8-tJy",
          "checksum": "5619ba5185a1f6416568046b62d23329"
        },
        {
          "type": "cssRules",
          "assetId": "yQnkyuy8-tJy",
          "checksum": "5619ba5185a1f6416568046b62d23329"
        },
        {
          "type": "renderModule",
          "assetId": "zZNx54MRT-Br",
          "checksum": "8cb3dae2868a012908e5488592a2d68c"
        },
        {
          "type": "cssRules",
          "assetId": "zZNx54MRT-Br",
          "checksum": "8cb3dae2868a012908e5488592a2d68c"
        },
        {
          "type": "renderModule",
          "assetId": "Pbd98u3TbJTJ",
          "checksum": "f7c8b2c663c01bd9a4ccc8f8570a1a47"
        },
        {
          "type": "cssRules",
          "assetId": "Pbd98u3TbJTJ",
          "checksum": "f7c8b2c663c01bd9a4ccc8f8570a1a47"
        },
        {
          "type": "renderModule",
          "assetId": "w-k8SPtgF7fV",
          "checksum": "8fdee148c01e536f84109dcd78a989ec"
        },
        {
          "type": "cssRules",
          "assetId": "w-k8SPtgF7fV",
          "checksum": "8fdee148c01e536f84109dcd78a989ec"
        },
        {
          "type": "renderModule",
          "assetId": "oqH1E7yoY1w4",
          "checksum": "c3004cd2067e5ffb5f87c5026855d1af"
        },
        {
          "type": "cssRules",
          "assetId": "oqH1E7yoY1w4",
          "checksum": "c3004cd2067e5ffb5f87c5026855d1af"
        },
        {
          "type": "renderModule",
          "assetId": "UQQ4edXpA84b",
          "checksum": "6a200558ea85b39ba46b21baf017c689"
        },
        {
          "type": "cssRules",
          "assetId": "UQQ4edXpA84b",
          "checksum": "6a200558ea85b39ba46b21baf017c689"
        },
        {
          "type": "renderModule",
          "assetId": "OuJG8ggWPxG0",
          "checksum": "bea8fc8083273de3bf1db536766e9795"
        },
        {
          "type": "cssRules",
          "assetId": "OuJG8ggWPxG0",
          "checksum": "bea8fc8083273de3bf1db536766e9795"
        },
        {
          "type": "icon",
          "assetId": "8AcWHALIfatm",
          "checksum": "7f71fdc6485a15e93c0cd4f4e594c078"
        },
        {
          "type": "icon",
          "assetId": "X98YuP_uFRc3",
          "checksum": "b7d103d4babba140ae3b2aa1847bdfde"
        },
        {
          "type": "icon",
          "assetId": "52SKzpjqwYwC",
          "checksum": "9f12152503f58cb4aba76f14905a2dcf"
        },
        {
          "type": "icon",
          "assetId": "g1LUcwl7RvrM",
          "checksum": "3156dc7309fe8241be0a0d53cd6f4356"
        },
        {
          "type": "icon",
          "assetId": "QtRIZ9emewI1",
          "checksum": "2d82e4d996e483f52d8cb101f3ca7d50"
        },
        {
          "type": "icon",
          "assetId": "4lvL6CfKGFeL",
          "checksum": "a5c8ddde75af4f7d7da76443a3cc699b"
        },
        {
          "type": "icon",
          "assetId": "Wd7WrOJjslY3",
          "checksum": "14b96c6d57fed34d8cc746ac218c0a4c"
        },
        {
          "type": "icon",
          "assetId": "o0WWf6juUCyt",
          "checksum": "82f0522b6e22a9b78f6f635a5898879c"
        },
        {
          "type": "icon",
          "assetId": "nKLk3Wbpr-Nw",
          "checksum": "54739266b85c08830b6cde3b94a3d96e"
        },
        {
          "type": "icon",
          "assetId": "k_c6Xh1LZrcX",
          "checksum": "75bff0c3ab441651e599266db7e2466f"
        },
        {
          "type": "icon",
          "assetId": "JdG0eXaRAeXh",
          "checksum": "393868d4ce1ed5e5899a0f6208efd635"
        },
        {
          "type": "icon",
          "assetId": "TKOT_DA7kShk",
          "checksum": "dbffb70435be6b7f5e170c58c64a6c05"
        },
        {
          "type": "icon",
          "assetId": "d6VF5bDgNrVL",
          "checksum": "588cf0313a4ce582d6f8abc115578109"
        },
        {
          "type": "image",
          "assetId": "kIB-2kGROcap",
          "checksum": "b56b188b1b351f77b77cc515014db24f"
        },
        {
          "type": "image",
          "assetId": "9rW1HKt061TP",
          "checksum": "2d4d9ffb224df13c381f709ca969eda0"
        },
        {
          "type": "image",
          "assetId": "lO45QrvFNWCM",
          "checksum": "5b9e2b51ca278567661be4a42ae98c4f"
        },
        {
          "type": "image",
          "assetId": "6CtvFi3OxXUS",
          "checksum": "edf3d683935d9c6a2643702f8ff39266"
        },
        {
          "type": "image",
          "assetId": "_-6oV2iRNmZh",
          "checksum": "28e5fb401f8cdba0955322eea5b7b35b"
        },
        {
          "type": "image",
          "assetId": "XoYN8K9m5U2P",
          "checksum": "660cf4a8654e5aa40f4a3a376c1ad967"
        },
        {
          "type": "image",
          "assetId": "_W__1UPS20gG",
          "checksum": "2f0fbf805e1e85261d27ddfc6bd56df2"
        },
        {
          "type": "image",
          "assetId": "KXYZwvVjQjB7",
          "checksum": "b50c7dc9271bd680ba11c2b616b1470e"
        },
        {
          "type": "image",
          "assetId": "mQbOodyNS2fS",
          "checksum": "ff49f86f8a2635cab517434c21b42a84"
        },
        {
          "type": "image",
          "assetId": "vC3SUn6vS2NR",
          "checksum": "d5b9bb3c47b84dad442d88236d1ca6f8"
        },
        {
          "type": "image",
          "assetId": "8hxSv_8rxzq3",
          "checksum": "790a08fc2a4876d3b81ee62ea64909be"
        },
        {
          "type": "image",
          "assetId": "VsSZq4XOuZej",
          "checksum": "9eedc087f57638e45fba74133b292673"
        },
        {
          "type": "image",
          "assetId": "I3ndKkWfLeND",
          "checksum": "f36ed94caa3e89404e6217c951138e9e"
        },
        {
          "type": "renderModule",
          "assetId": "RM0X42We8_T_",
          "checksum": "6058b754f687daf7ab742937cf08e8b7"
        },
        {
          "type": "cssRules",
          "assetId": "RM0X42We8_T_",
          "checksum": "6058b754f687daf7ab742937cf08e8b7"
        },
        {
          "type": "renderModule",
          "assetId": "HrBj-zPT9hmk",
          "checksum": "26684b0dc995a71c9357ac577b5797e1"
        },
        {
          "type": "cssRules",
          "assetId": "HrBj-zPT9hmk",
          "checksum": "26684b0dc995a71c9357ac577b5797e1"
        },
        {
          "type": "renderModule",
          "assetId": "cUKxF1SsNd5_",
          "checksum": "42c94c1042468420f5f227205d6148b9"
        },
        {
          "type": "cssRules",
          "assetId": "cUKxF1SsNd5_",
          "checksum": "42c94c1042468420f5f227205d6148b9"
        },
        {
          "type": "renderModule",
          "assetId": "6lTsbja7hqTc",
          "checksum": "04bb466dae74038763a4cfc851bbbee4"
        },
        {
          "type": "cssRules",
          "assetId": "6lTsbja7hqTc",
          "checksum": "04bb466dae74038763a4cfc851bbbee4"
        },
        {
          "type": "renderModule",
          "assetId": "1eYhtagHUPjz",
          "checksum": "1a2a91fd6adbe6b14cc541bdec89a9f2"
        },
        {
          "type": "cssRules",
          "assetId": "1eYhtagHUPjz",
          "checksum": "1a2a91fd6adbe6b14cc541bdec89a9f2"
        },
        {
          "type": "renderModule",
          "assetId": "bYlyTDdEG1X1",
          "checksum": "da2efaef504ccfc9788f68b358f94e8f"
        },
        {
          "type": "cssRules",
          "assetId": "bYlyTDdEG1X1",
          "checksum": "da2efaef504ccfc9788f68b358f94e8f"
        },
        {
          "type": "icon",
          "assetId": "yaBBaS6PnbWa",
          "checksum": "cd621ab73e521f5fdfcbc303849df635"
        },
        {
          "type": "icon",
          "assetId": "eCYtXCdflNl8",
          "checksum": "ff55d150a807183c6b3d9bf69bb62201"
        },
        {
          "type": "icon",
          "assetId": "pi4ajG1MDyq3",
          "checksum": "d7a21f87cb2951589bc96e76d4bcb263"
        },
        {
          "type": "renderModule",
          "assetId": "inlyH9E0KabP",
          "checksum": "d988e89abbabd0d00c6a95861172dec3"
        },
        {
          "type": "cssRules",
          "assetId": "inlyH9E0KabP",
          "checksum": "d988e89abbabd0d00c6a95861172dec3"
        },
        {
          "type": "icon",
          "assetId": "ZM-4UGI2MwF2",
          "checksum": "b8f81ac7552e6492df01d5a5ce25de7f"
        },
        {
          "type": "icon",
          "assetId": "cT_T23sld5Ow",
          "checksum": "6070f8ec5eefe949932c5bdc787fa78c"
        },
        {
          "type": "icon",
          "assetId": "HutF-e5f3sLb",
          "checksum": "2996248145b8e53fc8e228f0b56ee43f"
        },
        {
          "type": "icon",
          "assetId": "os_k03ppp0Vl",
          "checksum": "d884e24a85cbff98bf937c001898c6c3"
        },
        {
          "assetId": "aU6fPsMDSmKqgHWpAbdgs",
          "type": "projectCss",
          "checksum": "097119c1d19483fda83a38c4646c7d42"
        }
      ],
      "codegenVersion": "0.0.1"
    },
    {
      "projectId": "gmeH6XgPaBtkt51HunAo4g",
      "version": "18.20.0",
      "dependencies": {},
      "lang": "ts",
      "fileLocks": [
        {
          "assetId": "gmeH6XgPaBtkt51HunAo4g",
          "type": "projectCss",
          "checksum": "1c02168c6b23256606111fdfdbb63549"
        }
      ],
      "codegenVersion": "0.0.1"
    }
  ],
  "cliVersion": "0.1.330"
}
